<?xml version="1.0" encoding="utf-8"?>
<Project ToolsVersion="4.0" xmlns="http://schemas.microsoft.com/developer/msbuild/2003">
  <ItemGroup>
    <Filter Include="Views">
      <UniqueIdentifier>{68c63d62-6ee1-49c0-bce2-49b277dd9abf}</UniqueIdentifier>
    </Filter>
    <Filter Include="Controllers">
      <UniqueIdentifier>{b5315e6c-0949-4291-bf3f-522319ff6ddd}</UniqueIdentifier>
    </Filter>
    <Filter Include="Models">
      <UniqueIdentifier>{a605fec8-a575-4463-a686-038a9a28c936}</UniqueIdentifier>
    </Filter>
    <Filter Include="Controllers\Login">
      <UniqueIdentifier>{87e63193-fb42-4c5c-9fd0-f7dfa331b190}</UniqueIdentifier>
    </Filter>
    <Filter Include="Libs">
      <UniqueIdentifier>{94b8e774-8a1d-4bb1-bf24-582a07c536be}</UniqueIdentifier>
    </Filter>
    <Filter Include="Models\User">
      <UniqueIdentifier>{3a19e2fe-6051-4d02-8bd8-7aed7caf27f0}</UniqueIdentifier>
    </Filter>
    <Filter Include="Core">
      <UniqueIdentifier>{4FC737F1-C7A5-4376-A066-2A32D752A2FF}</UniqueIdentifier>
      <Extensions>cpp;c;cc;cxx;c++;cppm;ixx;def;odl;idl;hpj;bat;asm;asmx</Extensions>
    </Filter>
    <Filter Include="Core\PasswordHasher">
      <UniqueIdentifier>{49900625-6c15-4223-b59f-665a4afb2f4e}</UniqueIdentifier>
    </Filter>
    <Filter Include="Core\Enums">
      <UniqueIdentifier>{23e4c67d-d99b-492a-93dc-d161abdbaf98}</UniqueIdentifier>
    </Filter>
    <Filter Include="Core\Utilities">
      <UniqueIdentifier>{a8e8dc68-6ad7-4026-a7fa-80ccaf0eed87}</UniqueIdentifier>
    </Filter>
    <Filter Include="Views\Home">
      <UniqueIdentifier>{21b99fee-3737-4d29-a4f7-176af5ec9aeb}</UniqueIdentifier>
    </Filter>
    <Filter Include="Models\Inventory">
      <UniqueIdentifier>{4cf2e523-f7a8-47fb-8552-507bfa5bf4f7}</UniqueIdentifier>
    </Filter>
    <Filter Include="Models\Category">
      <UniqueIdentifier>{58f334e4-e738-4bfb-8df9-42d7be9de583}</UniqueIdentifier>
    </Filter>
    <Filter Include="Views\Inventory">
      <UniqueIdentifier>{8f3225f1-3cc8-40f0-a908-6ef53a57c2c8}</UniqueIdentifier>
    </Filter>
    <Filter Include="Views\_Dashboard">
      <UniqueIdentifier>{fd866255-dbf1-47fb-ad20-d52b41cbc2af}</UniqueIdentifier>
    </Filter>
    <Filter Include="Views\_Login">
      <UniqueIdentifier>{8ce5c3fe-14ba-439e-82bf-d67f11848844}</UniqueIdentifier>
    </Filter>
    <Filter Include="Views\Inventory\Add">
      <UniqueIdentifier>{b5d28f9d-48e2-49a1-8362-9f01a2d326d2}</UniqueIdentifier>
    </Filter>
    <Filter Include="Views\Inventory\List">
      <UniqueIdentifier>{d86c274d-0306-48f2-9bee-fe6d25d694ad}</UniqueIdentifier>
    </Filter>
    <Filter Include="Views\Inventory\View">
      <UniqueIdentifier>{5a3e6e46-ae01-4697-accc-b3b0991d0c4b}</UniqueIdentifier>
    </Filter>
    <Filter Include="Views\Categories">
      <UniqueIdentifier>{b05b36c0-06e4-49cd-bd1f-cc31c1cb901e}</UniqueIdentifier>
    </Filter>
    <Filter Include="Views\Users">
      <UniqueIdentifier>{1a00403b-8665-4e22-a8cd-3cc236994d0c}</UniqueIdentifier>
    </Filter>
    <Filter Include="Views\Categories\Add">
      <UniqueIdentifier>{ec0c6e88-6211-44c9-ba10-237e25f3c0fc}</UniqueIdentifier>
    </Filter>
    <Filter Include="Views\Categories\List">
      <UniqueIdentifier>{7a4a5629-2279-4332-9842-b9a156a57100}</UniqueIdentifier>
    </Filter>
    <Filter Include="Views\Categories\Edit">
      <UniqueIdentifier>{960c1283-9aeb-4a4d-b154-3ee3ab712f40}</UniqueIdentifier>
    </Filter>
    <Filter Include="Views\Inventory\Edit">
      <UniqueIdentifier>{1d542897-cb2a-4e19-9888-e167c0e9d3eb}</UniqueIdentifier>
    </Filter>
    <Filter Include="Views\Users\List">
      <UniqueIdentifier>{a1f233dd-9ec4-4bd6-a8ac-b21f2eba6165}</UniqueIdentifier>
    </Filter>
    <Filter Include="Views\Users\Add">
      <UniqueIdentifier>{1a2edf92-5b63-4979-8e6c-b27b3997d6e0}</UniqueIdentifier>
    </Filter>
    <Filter Include="Views\Users\Edit">
      <UniqueIdentifier>{009e5194-ecad-49f8-94b7-3f15b93a4a56}</UniqueIdentifier>
    </Filter>
    <Filter Include="Views\Users\View">
      <UniqueIdentifier>{b4fd8f5f-3c11-4863-b9a5-3a24de7b29ca}</UniqueIdentifier>
    </Filter>
    <Filter Include="Controllers\Inventory">
      <UniqueIdentifier>{ab1aab9e-9234-4fd1-8beb-76bdcb048acc}</UniqueIdentifier>
    </Filter>
    <Filter Include="Controllers\Categories">
      <UniqueIdentifier>{31a7dff1-96a6-403a-9ecf-ed280f0ef8dd}</UniqueIdentifier>
    </Filter>
    <Filter Include="Views\Categories\View">
      <UniqueIdentifier>{e23a5c22-a7dc-4aa5-a768-587d377c0eeb}</UniqueIdentifier>
    </Filter>
    <Filter Include="Views\Customers">
      <UniqueIdentifier>{499faa33-2a2b-4430-a8e7-0cd74992d01c}</UniqueIdentifier>
    </Filter>
    <Filter Include="Views\Suppliers">
      <UniqueIdentifier>{9d955010-9393-4b29-9d27-cc6fd3eacf0d}</UniqueIdentifier>
    </Filter>
    <Filter Include="Views\Customers\List">
      <UniqueIdentifier>{cfe26490-3757-4971-999e-4f591f632a50}</UniqueIdentifier>
    </Filter>
    <Filter Include="Controllers\Customers">
      <UniqueIdentifier>{20f31d07-df2f-4400-b107-aa9ceacd6610}</UniqueIdentifier>
    </Filter>
    <Filter Include="Models\Customer">
      <UniqueIdentifier>{e832fb92-4412-47e0-b230-6345f0a0bcb9}</UniqueIdentifier>
    </Filter>
    <Filter Include="Views\Customers\Add">
      <UniqueIdentifier>{12c41772-ceae-4f23-bd1e-e041268549b1}</UniqueIdentifier>
    </Filter>
    <Filter Include="Views\Customers\View">
      <UniqueIdentifier>{3b80539c-ac6f-4d80-aed4-f2fbe8d4fb20}</UniqueIdentifier>
    </Filter>
    <Filter Include="Views\Customers\Edit">
      <UniqueIdentifier>{0b86e789-7879-4b22-abf3-176b5e9cec4d}</UniqueIdentifier>
    </Filter>
    <Filter Include="Views\Suppliers\List">
      <UniqueIdentifier>{fd93ff9c-7660-41c9-8ab0-af84927b4f46}</UniqueIdentifier>
    </Filter>
    <Filter Include="Views\Suppliers\View">
      <UniqueIdentifier>{fd86d299-03ed-41c0-866d-a2a7fd42f696}</UniqueIdentifier>
    </Filter>
    <Filter Include="Views\Suppliers\Add">
      <UniqueIdentifier>{0985b8bc-e46f-4d1b-891a-21307960c8f7}</UniqueIdentifier>
    </Filter>
    <Filter Include="Views\Suppliers\Edit">
      <UniqueIdentifier>{870065a5-f271-4860-a7c9-9b06ceb558fb}</UniqueIdentifier>
    </Filter>
    <Filter Include="Models\Supplier">
      <UniqueIdentifier>{aa5f664e-bf66-4190-b446-a6aed99958b0}</UniqueIdentifier>
    </Filter>
    <Filter Include="Controllers\Supp,iers">
      <UniqueIdentifier>{1e2eb402-be0f-4ada-b5bb-564de5e4e235}</UniqueIdentifier>
    </Filter>
    <Filter Include="Models\_Connection">
      <UniqueIdentifier>{2ea4a8dd-76f7-45d8-9266-d0d4e8247925}</UniqueIdentifier>
    </Filter>
  </ItemGroup>
  <ItemGroup>
    <ClCompile Include="EntryPoint.cpp">
      <Filter>Core</Filter>
    </ClCompile>
    <ClCompile Include="LoginForm.cpp">
      <Filter>Views\_Login</Filter>
    </ClCompile>
    <ClCompile Include="LoginController.cpp">
      <Filter>Controllers\Login</Filter>
    </ClCompile>
    <ClCompile Include="Users.cpp">
      <Filter>Models\User</Filter>
    </ClCompile>
    <ClCompile Include="PasswordHasher.cpp">
      <Filter>Core\PasswordHasher</Filter>
    </ClCompile>
    <ClCompile Include="sqlite\sqlite3.c">
      <Filter>Libs</Filter>
    </ClCompile>
    <ClCompile Include="UserRole.h">
      <Filter>Core\Enums</Filter>
    </ClCompile>
    <ClCompile Include="Utilities.cpp">
      <Filter>Core\Utilities</Filter>
    </ClCompile>
    <ClCompile Include="DashboardForm.cpp">
      <Filter>Views\_Dashboard</Filter>
    </ClCompile>
    <ClCompile Include="HomePage.cpp">
      <Filter>Views\Home</Filter>
    </ClCompile>
    <ClCompile Include="Inventory.cpp">
      <Filter>Models\Inventory</Filter>
    </ClCompile>
    <ClCompile Include="Categories.cpp">
      <Filter>Models\Category</Filter>
    </ClCompile>
    <ClCompile Include="DatabaseConnection.cpp">
      <Filter>Models\_Connection</Filter>
    </ClCompile>
    <ClCompile Include="ItemListPage.cpp">
      <Filter>Views\Inventory\List</Filter>
    </ClCompile>
    <ClCompile Include="InventoryController.cpp">
      <Filter>Controllers\Inventory</Filter>
    </ClCompile>
    <ClCompile Include="AddItemPage.cpp">
      <Filter>Views\Inventory\Add</Filter>
    </ClCompile>
    <ClCompile Include="CategoriesController.cpp">
      <Filter>Controllers\Categories</Filter>
    </ClCompile>
    <ClCompile Include="CategoriesListPage.cpp">
      <Filter>Views\Categories\List</Filter>
    </ClCompile>
    <ClCompile Include="AddCategoryPage.cpp">
      <Filter>Views\Categories\Add</Filter>
    </ClCompile>
    <ClCompile Include="ViewCategoryPage.cpp">
      <Filter>Views\Categories\View</Filter>
    </ClCompile>
    <ClCompile Include="EditCategoryPage.cpp">
      <Filter>Views\Categories\Edit</Filter>
    </ClCompile>
    <ClCompile Include="ViewItemPage.cpp">
      <Filter>Views\Inventory\View</Filter>
    </ClCompile>
    <ClCompile Include="EditItemPage.cpp">
      <Filter>Views\Inventory\Edit</Filter>
    </ClCompile>
    <ClCompile Include="Customers.cpp">
      <Filter>Models\Customer</Filter>
    </ClCompile>
    <ClCompile Include="CustomersListPage.cpp">
      <Filter>Views\Customers\List</Filter>
    </ClCompile>
    <ClCompile Include="CustomersController.cpp">
      <Filter>Controllers\Customers</Filter>
    </ClCompile>
    <ClCompile Include="AddCustomerPage.cpp">
      <Filter>Views\Customers\Add</Filter>
    </ClCompile>
    <ClCompile Include="CustomerViewPage.cpp">
      <Filter>Views\Customers\View</Filter>
    </ClCompile>
    <ClCompile Include="CustomerEditPage.cpp">
      <Filter>Views\Customers\Edit</Filter>
    </ClCompile>
    <ClCompile Include="suppliers.cpp">
      <Filter>Models\Supplier</Filter>
    </ClCompile>
    <ClCompile Include="SuppliersListPage.cpp">
      <Filter>Views\Suppliers\List</Filter>
    </ClCompile>
    <ClCompile Include="SuppliersController.cpp">
      <Filter>Controllers\Supp,iers</Filter>
    </ClCompile>
    <ClCompile Include="AddSupplierPage.cpp">
      <Filter>Views\Suppliers\Add</Filter>
    </ClCompile>
  </ItemGroup>
  <ItemGroup>
    <ClInclude Include="LoginForm.h">
      <Filter>Views\_Login</Filter>
    </ClInclude>
    <ClInclude Include="LoginController.h">
      <Filter>Controllers\Login</Filter>
    </ClInclude>
    <ClInclude Include="Users.h">
      <Filter>Models\User</Filter>
    </ClInclude>
    <ClInclude Include="sqlite\sqlite3.h">
      <Filter>Libs</Filter>
    </ClInclude>
    <ClInclude Include="PasswordHasher.h">
      <Filter>Core\PasswordHasher</Filter>
    </ClInclude>
    <ClInclude Include="Utilities.h">
      <Filter>Core\Utilities</Filter>
    </ClInclude>
    <ClInclude Include="DashboardForm.h">
      <Filter>Views\_Dashboard</Filter>
    </ClInclude>
    <ClInclude Include="HomePage.h">
      <Filter>Views\Home</Filter>
    </ClInclude>
    <ClInclude Include="Inventory.h">
      <Filter>Models\Inventory</Filter>
    </ClInclude>
    <ClInclude Include="Categories.h">
      <Filter>Models\Category</Filter>
    </ClInclude>
    <ClInclude Include="DatabaseConnection.h">
      <Filter>Models\_Connection</Filter>
    </ClInclude>
    <ClInclude Include="User.h">
      <Filter>Models\User</Filter>
    </ClInclude>
    <ClInclude Include="Item.h">
      <Filter>Models\Inventory</Filter>
    </ClInclude>
    <ClInclude Include="Category.h">
      <Filter>Models\Category</Filter>
    </ClInclude>
    <ClInclude Include="ItemListPage.h">
      <Filter>Views\Inventory\List</Filter>
    </ClInclude>
    <ClInclude Include="InventoryController.h">
      <Filter>Controllers\Inventory</Filter>
    </ClInclude>
    <ClInclude Include="AddItemPage.h">
      <Filter>Views\Inventory\Add</Filter>
    </ClInclude>
    <ClInclude Include="CategoriesController.h">
      <Filter>Controllers\Categories</Filter>
    </ClInclude>
    <ClInclude Include="CategoriesListPage.h">
      <Filter>Views\Categories\List</Filter>
    </ClInclude>
    <ClInclude Include="AddCategoryPage.h">
      <Filter>Views\Categories\Add</Filter>
    </ClInclude>
    <ClInclude Include="ViewCategoryPage.h">
      <Filter>Views\Categories\View</Filter>
    </ClInclude>
    <ClInclude Include="EditCategoryPage.h">
      <Filter>Views\Categories\Edit</Filter>
    </ClInclude>
    <ClInclude Include="ViewItemPage.h">
      <Filter>Views\Inventory\View</Filter>
    </ClInclude>
    <ClInclude Include="EditItemPage.h">
      <Filter>Views\Inventory\Edit</Filter>
    </ClInclude>
    <ClInclude Include="Customer.h">
      <Filter>Models\Customer</Filter>
    </ClInclude>
    <ClInclude Include="Customers.h">
      <Filter>Models\Customer</Filter>
    </ClInclude>
    <ClInclude Include="CustomersListPage.h">
      <Filter>Views\Customers\List</Filter>
    </ClInclude>
    <ClInclude Include="CustomersController.h">
      <Filter>Controllers\Customers</Filter>
    </ClInclude>
    <ClInclude Include="AddCustomerPage.h">
      <Filter>Views\Customers\Add</Filter>
    </ClInclude>
    <ClInclude Include="CustomerViewPage.h">
      <Filter>Views\Customers\View</Filter>
    </ClInclude>
    <ClInclude Include="CustomerEditPage.h">
      <Filter>Views\Customers</Filter>
    </ClInclude>
    <ClInclude Include="Supplier.h">
      <Filter>Models\Supplier</Filter>
    </ClInclude>
    <ClInclude Include="Suppliers.h">
      <Filter>Models\Supplier</Filter>
    </ClInclude>
    <ClInclude Include="SuppliersListPage.h">
      <Filter>Views\Suppliers\List</Filter>
    </ClInclude>
    <ClInclude Include="SuppliersController.h">
      <Filter>Controllers\Supp,iers</Filter>
    </ClInclude>
    <ClInclude Include="AddSupplierPage.h">
      <Filter>Views\Suppliers\Add</Filter>
    </ClInclude>
  </ItemGroup>
</Project>